// !$*UTF8*$!
{
	archiveVersion = 1;
	classes = {
	};
	objectVersion = 50;
	objects = {

/* Begin PBXBuildFile section */
		430AB33B23EC5C96001F6BFB /* SkeletonView.framework in Frameworks */ = {isa = PBXBuildFile; fileRef = 430AB33A23EC5C96001F6BFB /* SkeletonView.framework */; };
		4359812123F1CF22001F7349 /* HomeScreenViewControllerSpec.swift in Sources */ = {isa = PBXBuildFile; fileRef = 4359812023F1CF22001F7349 /* HomeScreenViewControllerSpec.swift */; };
		4359812323F1CFD8001F7349 /* Nimble.framework in Frameworks */ = {isa = PBXBuildFile; fileRef = 4359812223F1CFD8001F7349 /* Nimble.framework */; };
		4359812523F1CFDB001F7349 /* Quick.framework in Frameworks */ = {isa = PBXBuildFile; fileRef = 4359812423F1CFDB001F7349 /* Quick.framework */; };
		4359812823F1DB4B001F7349 /* MockLoadingView.swift in Sources */ = {isa = PBXBuildFile; fileRef = 4359812723F1DB4B001F7349 /* MockLoadingView.swift */; };
		4359812A23F1DD7F001F7349 /* MockHomeScreenPresenter.swift in Sources */ = {isa = PBXBuildFile; fileRef = 4359812923F1DD7F001F7349 /* MockHomeScreenPresenter.swift */; };
		43CD261223F1E03D0095D566 /* MockTableView.swift in Sources */ = {isa = PBXBuildFile; fileRef = 43CD261123F1E03D0095D566 /* MockTableView.swift */; };
		43CD261523F1F25C0095D566 /* HomeScreenPresenterSpec.swift in Sources */ = {isa = PBXBuildFile; fileRef = 43CD261423F1F25C0095D566 /* HomeScreenPresenterSpec.swift */; };
		43CD261723F1F2D90095D566 /* MockHomeScreenInteractor.swift in Sources */ = {isa = PBXBuildFile; fileRef = 43CD261623F1F2D90095D566 /* MockHomeScreenInteractor.swift */; };
		B9324B3C23E9998700D0089F /* CoreData.framework in Frameworks */ = {isa = PBXBuildFile; fileRef = B9324B3B23E9998700D0089F /* CoreData.framework */; };
		B9324B3F23E9998700D0089F /* AppDelegate.swift in Sources */ = {isa = PBXBuildFile; fileRef = B9324B3E23E9998700D0089F /* AppDelegate.swift */; };
		B9324B4823E9998700D0089F /* Assets.xcassets in Resources */ = {isa = PBXBuildFile; fileRef = B9324B4723E9998700D0089F /* Assets.xcassets */; };
		B9324B4B23E9998700D0089F /* LaunchScreen.storyboard in Resources */ = {isa = PBXBuildFile; fileRef = B9324B4923E9998700D0089F /* LaunchScreen.storyboard */; };
		B9324B6723E99A2700D0089F /* HomeScreenPresenter.swift in Sources */ = {isa = PBXBuildFile; fileRef = B9324B6123E99A2700D0089F /* HomeScreenPresenter.swift */; };
		B9324B6823E99A2700D0089F /* HomeScreenRouter.swift in Sources */ = {isa = PBXBuildFile; fileRef = B9324B6223E99A2700D0089F /* HomeScreenRouter.swift */; };
		B9324B6923E99A2700D0089F /* HomeScreenViewController.swift in Sources */ = {isa = PBXBuildFile; fileRef = B9324B6323E99A2700D0089F /* HomeScreenViewController.swift */; };
		B9324B6A23E99A2700D0089F /* HomeScreenBuilder.swift in Sources */ = {isa = PBXBuildFile; fileRef = B9324B6423E99A2700D0089F /* HomeScreenBuilder.swift */; };
		B9324B6B23E99A2700D0089F /* HomeScreenInteractor.swift in Sources */ = {isa = PBXBuildFile; fileRef = B9324B6523E99A2700D0089F /* HomeScreenInteractor.swift */; };
		B9324B7523E99A5E00D0089F /* DetailScreenPresenter.swift in Sources */ = {isa = PBXBuildFile; fileRef = B9324B6F23E99A5E00D0089F /* DetailScreenPresenter.swift */; };
		B9324B7623E99A5E00D0089F /* DetailScreenRouter.swift in Sources */ = {isa = PBXBuildFile; fileRef = B9324B7023E99A5E00D0089F /* DetailScreenRouter.swift */; };
		B9324B7723E99A5E00D0089F /* DetailScreenViewController.swift in Sources */ = {isa = PBXBuildFile; fileRef = B9324B7123E99A5E00D0089F /* DetailScreenViewController.swift */; };
		B9324B7823E99A5E00D0089F /* DetailScreenBuilder.swift in Sources */ = {isa = PBXBuildFile; fileRef = B9324B7223E99A5E00D0089F /* DetailScreenBuilder.swift */; };
		B9324B7923E99A5E00D0089F /* DetailScreenInteractor.swift in Sources */ = {isa = PBXBuildFile; fileRef = B9324B7323E99A5E00D0089F /* DetailScreenInteractor.swift */; };
		B9324B8623E99EFC00D0089F /* ArticleService.swift in Sources */ = {isa = PBXBuildFile; fileRef = B9324B8523E99EFC00D0089F /* ArticleService.swift */; };
		B9324B8823E99F4400D0089F /* HTTPService.swift in Sources */ = {isa = PBXBuildFile; fileRef = B9324B8723E99F4400D0089F /* HTTPService.swift */; };
		B9324B8B23E9A0C100D0089F /* Article.swift in Sources */ = {isa = PBXBuildFile; fileRef = B9324B8A23E9A0C100D0089F /* Article.swift */; };
		B94CD94623EB284F00218DC4 /* ArticleCell.swift in Sources */ = {isa = PBXBuildFile; fileRef = B94CD94523EB284F00218DC4 /* ArticleCell.swift */; };
		B94CD94823EB2C3A00218DC4 /* Constants.swift in Sources */ = {isa = PBXBuildFile; fileRef = B94CD94723EB2C3A00218DC4 /* Constants.swift */; };
		B94CD94D23EB3CBB00218DC4 /* Kingfisher.framework in Frameworks */ = {isa = PBXBuildFile; fileRef = B94CD94C23EB3CBB00218DC4 /* Kingfisher.framework */; };
		B94CD94F23EB3CBE00218DC4 /* Lottie.framework in Frameworks */ = {isa = PBXBuildFile; fileRef = B94CD94E23EB3CBE00218DC4 /* Lottie.framework */; };
		B94CD95123EB3F6A00218DC4 /* placeholder.png in Resources */ = {isa = PBXBuildFile; fileRef = B94CD95023EB3F6A00218DC4 /* placeholder.png */; };
		B94CD95323EB45E100218DC4 /* NoPaddingLabel.swift in Sources */ = {isa = PBXBuildFile; fileRef = B94CD95223EB45E100218DC4 /* NoPaddingLabel.swift */; };
		B94CD95523EB50B800218DC4 /* LoadingView.swift in Sources */ = {isa = PBXBuildFile; fileRef = B94CD95423EB50B800218DC4 /* LoadingView.swift */; };
		B94CD95823EB518600218DC4 /* loading_news.json in Resources */ = {isa = PBXBuildFile; fileRef = B94CD95723EB518600218DC4 /* loading_news.json */; };
		B94CD95B23EB58DD00218DC4 /* Chomsky.otf in Resources */ = {isa = PBXBuildFile; fileRef = B94CD95A23EB58DD00218DC4 /* Chomsky.otf */; };
		B94CD95D23EB591700218DC4 /* UIFont+extensions.swift in Sources */ = {isa = PBXBuildFile; fileRef = B94CD95C23EB591700218DC4 /* UIFont+extensions.swift */; };
		B94CD96023EBA04500218DC4 /* ArticleLoadingView.swift in Sources */ = {isa = PBXBuildFile; fileRef = B94CD95F23EBA04500218DC4 /* ArticleLoadingView.swift */; };
		B9DE52B423F20B71002F01E0 /* MockHomeScreenRouter.swift in Sources */ = {isa = PBXBuildFile; fileRef = B9DE52B323F20B71002F01E0 /* MockHomeScreenRouter.swift */; };
		B9DE52B623F20BD5002F01E0 /* MockHomeScreenViewController.swift in Sources */ = {isa = PBXBuildFile; fileRef = B9DE52B523F20BD5002F01E0 /* MockHomeScreenViewController.swift */; };
/* End PBXBuildFile section */

/* Begin PBXContainerItemProxy section */
		B9324B5223E9998700D0089F /* PBXContainerItemProxy */ = {
			isa = PBXContainerItemProxy;
			containerPortal = B9324B3023E9998700D0089F /* Project object */;
			proxyType = 1;
			remoteGlobalIDString = B9324B3723E9998700D0089F;
			remoteInfo = NYT;
		};
/* End PBXContainerItemProxy section */

/* Begin PBXFileReference section */
		430AB33A23EC5C96001F6BFB /* SkeletonView.framework */ = {isa = PBXFileReference; lastKnownFileType = wrapper.framework; name = SkeletonView.framework; path = Carthage/Build/iOS/SkeletonView.framework; sourceTree = "<group>"; };
		4359812023F1CF22001F7349 /* HomeScreenViewControllerSpec.swift */ = {isa = PBXFileReference; lastKnownFileType = sourcecode.swift; path = HomeScreenViewControllerSpec.swift; sourceTree = "<group>"; };
		4359812223F1CFD8001F7349 /* Nimble.framework */ = {isa = PBXFileReference; lastKnownFileType = wrapper.framework; name = Nimble.framework; path = Carthage/Build/iOS/Nimble.framework; sourceTree = "<group>"; };
		4359812423F1CFDB001F7349 /* Quick.framework */ = {isa = PBXFileReference; lastKnownFileType = wrapper.framework; name = Quick.framework; path = Carthage/Build/iOS/Quick.framework; sourceTree = "<group>"; };
		4359812723F1DB4B001F7349 /* MockLoadingView.swift */ = {isa = PBXFileReference; lastKnownFileType = sourcecode.swift; path = MockLoadingView.swift; sourceTree = "<group>"; };
		4359812923F1DD7F001F7349 /* MockHomeScreenPresenter.swift */ = {isa = PBXFileReference; lastKnownFileType = sourcecode.swift; path = MockHomeScreenPresenter.swift; sourceTree = "<group>"; };
		43CD261123F1E03D0095D566 /* MockTableView.swift */ = {isa = PBXFileReference; lastKnownFileType = sourcecode.swift; path = MockTableView.swift; sourceTree = "<group>"; };
		43CD261423F1F25C0095D566 /* HomeScreenPresenterSpec.swift */ = {isa = PBXFileReference; lastKnownFileType = sourcecode.swift; path = HomeScreenPresenterSpec.swift; sourceTree = "<group>"; };
		43CD261623F1F2D90095D566 /* MockHomeScreenInteractor.swift */ = {isa = PBXFileReference; lastKnownFileType = sourcecode.swift; path = MockHomeScreenInteractor.swift; sourceTree = "<group>"; };
		B9324B3823E9998700D0089F /* NYT.app */ = {isa = PBXFileReference; explicitFileType = wrapper.application; includeInIndex = 0; path = NYT.app; sourceTree = BUILT_PRODUCTS_DIR; };
		B9324B3B23E9998700D0089F /* CoreData.framework */ = {isa = PBXFileReference; lastKnownFileType = wrapper.framework; name = CoreData.framework; path = System/Library/Frameworks/CoreData.framework; sourceTree = SDKROOT; };
		B9324B3E23E9998700D0089F /* AppDelegate.swift */ = {isa = PBXFileReference; lastKnownFileType = sourcecode.swift; path = AppDelegate.swift; sourceTree = "<group>"; };
		B9324B4723E9998700D0089F /* Assets.xcassets */ = {isa = PBXFileReference; lastKnownFileType = folder.assetcatalog; path = Assets.xcassets; sourceTree = "<group>"; };
		B9324B4A23E9998700D0089F /* Base */ = {isa = PBXFileReference; lastKnownFileType = file.storyboard; name = Base; path = Base.lproj/LaunchScreen.storyboard; sourceTree = "<group>"; };
		B9324B4C23E9998700D0089F /* Info.plist */ = {isa = PBXFileReference; lastKnownFileType = text.plist.xml; path = Info.plist; sourceTree = "<group>"; };
		B9324B5123E9998700D0089F /* NYTTests.xctest */ = {isa = PBXFileReference; explicitFileType = wrapper.cfbundle; includeInIndex = 0; path = NYTTests.xctest; sourceTree = BUILT_PRODUCTS_DIR; };
		B9324B5723E9998700D0089F /* Info.plist */ = {isa = PBXFileReference; lastKnownFileType = text.plist.xml; path = Info.plist; sourceTree = "<group>"; };
		B9324B6123E99A2700D0089F /* HomeScreenPresenter.swift */ = {isa = PBXFileReference; lastKnownFileType = sourcecode.swift; path = HomeScreenPresenter.swift; sourceTree = "<group>"; };
		B9324B6223E99A2700D0089F /* HomeScreenRouter.swift */ = {isa = PBXFileReference; lastKnownFileType = sourcecode.swift; path = HomeScreenRouter.swift; sourceTree = "<group>"; };
		B9324B6323E99A2700D0089F /* HomeScreenViewController.swift */ = {isa = PBXFileReference; lastKnownFileType = sourcecode.swift; path = HomeScreenViewController.swift; sourceTree = "<group>"; };
		B9324B6423E99A2700D0089F /* HomeScreenBuilder.swift */ = {isa = PBXFileReference; lastKnownFileType = sourcecode.swift; path = HomeScreenBuilder.swift; sourceTree = "<group>"; };
		B9324B6523E99A2700D0089F /* HomeScreenInteractor.swift */ = {isa = PBXFileReference; lastKnownFileType = sourcecode.swift; path = HomeScreenInteractor.swift; sourceTree = "<group>"; };
		B9324B6F23E99A5E00D0089F /* DetailScreenPresenter.swift */ = {isa = PBXFileReference; lastKnownFileType = sourcecode.swift; path = DetailScreenPresenter.swift; sourceTree = "<group>"; };
		B9324B7023E99A5E00D0089F /* DetailScreenRouter.swift */ = {isa = PBXFileReference; lastKnownFileType = sourcecode.swift; path = DetailScreenRouter.swift; sourceTree = "<group>"; };
		B9324B7123E99A5E00D0089F /* DetailScreenViewController.swift */ = {isa = PBXFileReference; lastKnownFileType = sourcecode.swift; path = DetailScreenViewController.swift; sourceTree = "<group>"; };
		B9324B7223E99A5E00D0089F /* DetailScreenBuilder.swift */ = {isa = PBXFileReference; lastKnownFileType = sourcecode.swift; path = DetailScreenBuilder.swift; sourceTree = "<group>"; };
		B9324B7323E99A5E00D0089F /* DetailScreenInteractor.swift */ = {isa = PBXFileReference; lastKnownFileType = sourcecode.swift; path = DetailScreenInteractor.swift; sourceTree = "<group>"; };
		B9324B8523E99EFC00D0089F /* ArticleService.swift */ = {isa = PBXFileReference; lastKnownFileType = sourcecode.swift; path = ArticleService.swift; sourceTree = "<group>"; };
		B9324B8723E99F4400D0089F /* HTTPService.swift */ = {isa = PBXFileReference; lastKnownFileType = sourcecode.swift; path = HTTPService.swift; sourceTree = "<group>"; };
		B9324B8A23E9A0C100D0089F /* Article.swift */ = {isa = PBXFileReference; lastKnownFileType = sourcecode.swift; path = Article.swift; sourceTree = "<group>"; };
		B94CD94523EB284F00218DC4 /* ArticleCell.swift */ = {isa = PBXFileReference; lastKnownFileType = sourcecode.swift; path = ArticleCell.swift; sourceTree = "<group>"; };
		B94CD94723EB2C3A00218DC4 /* Constants.swift */ = {isa = PBXFileReference; lastKnownFileType = sourcecode.swift; path = Constants.swift; sourceTree = "<group>"; };
		B94CD94C23EB3CBB00218DC4 /* Kingfisher.framework */ = {isa = PBXFileReference; lastKnownFileType = wrapper.framework; name = Kingfisher.framework; path = Carthage/Build/iOS/Kingfisher.framework; sourceTree = "<group>"; };
		B94CD94E23EB3CBE00218DC4 /* Lottie.framework */ = {isa = PBXFileReference; lastKnownFileType = wrapper.framework; name = Lottie.framework; path = Carthage/Build/iOS/Lottie.framework; sourceTree = "<group>"; };
		B94CD95023EB3F6A00218DC4 /* placeholder.png */ = {isa = PBXFileReference; lastKnownFileType = image.png; path = placeholder.png; sourceTree = "<group>"; };
		B94CD95223EB45E100218DC4 /* NoPaddingLabel.swift */ = {isa = PBXFileReference; lastKnownFileType = sourcecode.swift; path = NoPaddingLabel.swift; sourceTree = "<group>"; };
		B94CD95423EB50B800218DC4 /* LoadingView.swift */ = {isa = PBXFileReference; lastKnownFileType = sourcecode.swift; path = LoadingView.swift; sourceTree = "<group>"; };
		B94CD95723EB518600218DC4 /* loading_news.json */ = {isa = PBXFileReference; fileEncoding = 4; lastKnownFileType = text.json; path = loading_news.json; sourceTree = "<group>"; };
		B94CD95A23EB58DD00218DC4 /* Chomsky.otf */ = {isa = PBXFileReference; lastKnownFileType = file; path = Chomsky.otf; sourceTree = "<group>"; };
		B94CD95C23EB591700218DC4 /* UIFont+extensions.swift */ = {isa = PBXFileReference; lastKnownFileType = sourcecode.swift; path = "UIFont+extensions.swift"; sourceTree = "<group>"; };
		B94CD95F23EBA04500218DC4 /* ArticleLoadingView.swift */ = {isa = PBXFileReference; lastKnownFileType = sourcecode.swift; path = ArticleLoadingView.swift; sourceTree = "<group>"; };
		B9DE52B323F20B71002F01E0 /* MockHomeScreenRouter.swift */ = {isa = PBXFileReference; lastKnownFileType = sourcecode.swift; path = MockHomeScreenRouter.swift; sourceTree = "<group>"; };
		B9DE52B523F20BD5002F01E0 /* MockHomeScreenViewController.swift */ = {isa = PBXFileReference; lastKnownFileType = sourcecode.swift; path = MockHomeScreenViewController.swift; sourceTree = "<group>"; };
/* End PBXFileReference section */

/* Begin PBXFrameworksBuildPhase section */
		B9324B3523E9998700D0089F /* Frameworks */ = {
			isa = PBXFrameworksBuildPhase;
			buildActionMask = 2147483647;
			files = (
				430AB33B23EC5C96001F6BFB /* SkeletonView.framework in Frameworks */,
				B9324B3C23E9998700D0089F /* CoreData.framework in Frameworks */,
				B94CD94D23EB3CBB00218DC4 /* Kingfisher.framework in Frameworks */,
				B94CD94F23EB3CBE00218DC4 /* Lottie.framework in Frameworks */,
			);
			runOnlyForDeploymentPostprocessing = 0;
		};
		B9324B4E23E9998700D0089F /* Frameworks */ = {
			isa = PBXFrameworksBuildPhase;
			buildActionMask = 2147483647;
			files = (
				4359812323F1CFD8001F7349 /* Nimble.framework in Frameworks */,
				4359812523F1CFDB001F7349 /* Quick.framework in Frameworks */,
			);
			runOnlyForDeploymentPostprocessing = 0;
		};
/* End PBXFrameworksBuildPhase section */

/* Begin PBXGroup section */
		4359812623F1DB3A001F7349 /* Mocks */ = {
			isa = PBXGroup;
			children = (
				43CD261623F1F2D90095D566 /* MockHomeScreenInteractor.swift */,
				4359812723F1DB4B001F7349 /* MockLoadingView.swift */,
				4359812923F1DD7F001F7349 /* MockHomeScreenPresenter.swift */,
				43CD261123F1E03D0095D566 /* MockTableView.swift */,
				B9DE52B323F20B71002F01E0 /* MockHomeScreenRouter.swift */,
				B9DE52B523F20BD5002F01E0 /* MockHomeScreenViewController.swift */,
			);
			name = Mocks;
			sourceTree = "<group>";
		};
		B9324B2F23E9998700D0089F = {
			isa = PBXGroup;
			children = (
				B9324B3D23E9998700D0089F /* NYT */,
				B9324B5423E9998700D0089F /* NYTTests */,
				B9324B3A23E9998700D0089F /* Frameworks */,
				B9324B3923E9998700D0089F /* Products */,
			);
			sourceTree = "<group>";
		};
		B9324B3923E9998700D0089F /* Products */ = {
			isa = PBXGroup;
			children = (
				B9324B3823E9998700D0089F /* NYT.app */,
				B9324B5123E9998700D0089F /* NYTTests.xctest */,
			);
			name = Products;
			sourceTree = "<group>";
		};
		B9324B3A23E9998700D0089F /* Frameworks */ = {
			isa = PBXGroup;
			children = (
				4359812423F1CFDB001F7349 /* Quick.framework */,
				4359812223F1CFD8001F7349 /* Nimble.framework */,
				430AB33A23EC5C96001F6BFB /* SkeletonView.framework */,
				B94CD94E23EB3CBE00218DC4 /* Lottie.framework */,
				B94CD94C23EB3CBB00218DC4 /* Kingfisher.framework */,
				B9324B3B23E9998700D0089F /* CoreData.framework */,
			);
			name = Frameworks;
			sourceTree = "<group>";
		};
		B9324B3D23E9998700D0089F /* NYT */ = {
			isa = PBXGroup;
			children = (
				B9324B3E23E9998700D0089F /* AppDelegate.swift */,
				B94CD94723EB2C3A00218DC4 /* Constants.swift */,
				B94CD95E23EB5AB000218DC4 /* Extensions */,
				B94CD94923EB352900218DC4 /* Models */,
				B94CD94A23EB354200218DC4 /* Views */,
				B9324B8123E99C4A00D0089F /* Modules */,
				B9324B8423E99CCC00D0089F /* Supporting Files */,
				B9324B8923E99FD500D0089F /* Services */,
			);
			path = NYT;
			sourceTree = "<group>";
		};
		B9324B5423E9998700D0089F /* NYTTests */ = {
			isa = PBXGroup;
			children = (
				4359812623F1DB3A001F7349 /* Mocks */,
				B9324B5723E9998700D0089F /* Info.plist */,
				4359812023F1CF22001F7349 /* HomeScreenViewControllerSpec.swift */,
				43CD261423F1F25C0095D566 /* HomeScreenPresenterSpec.swift */,
			);
			path = NYTTests;
			sourceTree = "<group>";
		};
		B9324B8123E99C4A00D0089F /* Modules */ = {
			isa = PBXGroup;
			children = (
				B9324B8323E99CBA00D0089F /* HomeScreen */,
				B9324B8223E99CA800D0089F /* DetailScreen */,
			);
			name = Modules;
			sourceTree = "<group>";
		};
		B9324B8223E99CA800D0089F /* DetailScreen */ = {
			isa = PBXGroup;
			children = (
				B9324B6F23E99A5E00D0089F /* DetailScreenPresenter.swift */,
				B9324B7023E99A5E00D0089F /* DetailScreenRouter.swift */,
				B9324B7323E99A5E00D0089F /* DetailScreenInteractor.swift */,
				B9324B7123E99A5E00D0089F /* DetailScreenViewController.swift */,
				B94CD95F23EBA04500218DC4 /* ArticleLoadingView.swift */,
				B9324B7223E99A5E00D0089F /* DetailScreenBuilder.swift */,
			);
			name = DetailScreen;
			sourceTree = "<group>";
		};
		B9324B8323E99CBA00D0089F /* HomeScreen */ = {
			isa = PBXGroup;
			children = (
				B9324B6123E99A2700D0089F /* HomeScreenPresenter.swift */,
				B9324B6223E99A2700D0089F /* HomeScreenRouter.swift */,
				B9324B6323E99A2700D0089F /* HomeScreenViewController.swift */,
				B9324B6423E99A2700D0089F /* HomeScreenBuilder.swift */,
				B9324B6523E99A2700D0089F /* HomeScreenInteractor.swift */,
			);
			name = HomeScreen;
			sourceTree = "<group>";
		};
		B9324B8423E99CCC00D0089F /* Supporting Files */ = {
			isa = PBXGroup;
			children = (
				B94CD95923EB58C700218DC4 /* fonts */,
				B94CD95623EB513E00218DC4 /* lottie */,
				B94CD95023EB3F6A00218DC4 /* placeholder.png */,
				B9324B4C23E9998700D0089F /* Info.plist */,
				B9324B4723E9998700D0089F /* Assets.xcassets */,
				B9324B4923E9998700D0089F /* LaunchScreen.storyboard */,
			);
			name = "Supporting Files";
			sourceTree = "<group>";
		};
		B9324B8923E99FD500D0089F /* Services */ = {
			isa = PBXGroup;
			children = (
				B9324B8523E99EFC00D0089F /* ArticleService.swift */,
				B9324B8723E99F4400D0089F /* HTTPService.swift */,
			);
			name = Services;
			sourceTree = "<group>";
		};
		B94CD94923EB352900218DC4 /* Models */ = {
			isa = PBXGroup;
			children = (
				B9324B8A23E9A0C100D0089F /* Article.swift */,
			);
			name = Models;
			sourceTree = "<group>";
		};
		B94CD94A23EB354200218DC4 /* Views */ = {
			isa = PBXGroup;
			children = (
				B94CD94523EB284F00218DC4 /* ArticleCell.swift */,
				B94CD95223EB45E100218DC4 /* NoPaddingLabel.swift */,
				B94CD95423EB50B800218DC4 /* LoadingView.swift */,
			);
			name = Views;
			sourceTree = "<group>";
		};
		B94CD95623EB513E00218DC4 /* lottie */ = {
			isa = PBXGroup;
			children = (
				B94CD95723EB518600218DC4 /* loading_news.json */,
			);
			name = lottie;
			sourceTree = "<group>";
		};
		B94CD95923EB58C700218DC4 /* fonts */ = {
			isa = PBXGroup;
			children = (
				B94CD95A23EB58DD00218DC4 /* Chomsky.otf */,
			);
			name = fonts;
			sourceTree = "<group>";
		};
		B94CD95E23EB5AB000218DC4 /* Extensions */ = {
			isa = PBXGroup;
			children = (
				B94CD95C23EB591700218DC4 /* UIFont+extensions.swift */,
			);
			name = Extensions;
			sourceTree = "<group>";
		};
/* End PBXGroup section */

/* Begin PBXNativeTarget section */
		B9324B3723E9998700D0089F /* NYT */ = {
			isa = PBXNativeTarget;
			buildConfigurationList = B9324B5A23E9998700D0089F /* Build configuration list for PBXNativeTarget "NYT" */;
			buildPhases = (
				B9324B3423E9998700D0089F /* Sources */,
				B9324B3523E9998700D0089F /* Frameworks */,
				B9324B3623E9998700D0089F /* Resources */,
				B94CD94B23EB3BEA00218DC4 /* ShellScript */,
			);
			buildRules = (
			);
			dependencies = (
			);
			name = NYT;
			productName = NYT;
			productReference = B9324B3823E9998700D0089F /* NYT.app */;
			productType = "com.apple.product-type.application";
		};
		B9324B5023E9998700D0089F /* NYTTests */ = {
			isa = PBXNativeTarget;
			buildConfigurationList = B9324B5D23E9998700D0089F /* Build configuration list for PBXNativeTarget "NYTTests" */;
			buildPhases = (
				B9324B4D23E9998700D0089F /* Sources */,
				B9324B4E23E9998700D0089F /* Frameworks */,
				B9324B4F23E9998700D0089F /* Resources */,
				4359811F23F1CE82001F7349 /* ShellScript */,
			);
			buildRules = (
			);
			dependencies = (
				B9324B5323E9998700D0089F /* PBXTargetDependency */,
			);
			name = NYTTests;
			productName = NYTTests;
			productReference = B9324B5123E9998700D0089F /* NYTTests.xctest */;
			productType = "com.apple.product-type.bundle.unit-test";
		};
/* End PBXNativeTarget section */

/* Begin PBXProject section */
		B9324B3023E9998700D0089F /* Project object */ = {
			isa = PBXProject;
			attributes = {
				LastSwiftUpdateCheck = 1110;
				LastUpgradeCheck = 1110;
				ORGANIZATIONNAME = Panucci;
				TargetAttributes = {
					B9324B3723E9998700D0089F = {
						CreatedOnToolsVersion = 11.1;
					};
					B9324B5023E9998700D0089F = {
						CreatedOnToolsVersion = 11.1;
						TestTargetID = B9324B3723E9998700D0089F;
					};
				};
			};
			buildConfigurationList = B9324B3323E9998700D0089F /* Build configuration list for PBXProject "NYT" */;
			compatibilityVersion = "Xcode 9.3";
			developmentRegion = en;
			hasScannedForEncodings = 0;
			knownRegions = (
				en,
				Base,
			);
			mainGroup = B9324B2F23E9998700D0089F;
			productRefGroup = B9324B3923E9998700D0089F /* Products */;
			projectDirPath = "";
			projectRoot = "";
			targets = (
				B9324B3723E9998700D0089F /* NYT */,
				B9324B5023E9998700D0089F /* NYTTests */,
			);
		};
/* End PBXProject section */

/* Begin PBXResourcesBuildPhase section */
		B9324B3623E9998700D0089F /* Resources */ = {
			isa = PBXResourcesBuildPhase;
			buildActionMask = 2147483647;
			files = (
				B94CD95B23EB58DD00218DC4 /* Chomsky.otf in Resources */,
				B9324B4B23E9998700D0089F /* LaunchScreen.storyboard in Resources */,
				B94CD95123EB3F6A00218DC4 /* placeholder.png in Resources */,
				B9324B4823E9998700D0089F /* Assets.xcassets in Resources */,
				B94CD95823EB518600218DC4 /* loading_news.json in Resources */,
			);
			runOnlyForDeploymentPostprocessing = 0;
		};
		B9324B4F23E9998700D0089F /* Resources */ = {
			isa = PBXResourcesBuildPhase;
			buildActionMask = 2147483647;
			files = (
			);
			runOnlyForDeploymentPostprocessing = 0;
		};
/* End PBXResourcesBuildPhase section */

/* Begin PBXShellScriptBuildPhase section */
		4359811F23F1CE82001F7349 /* ShellScript */ = {
			isa = PBXShellScriptBuildPhase;
			buildActionMask = 2147483647;
			files = (
			);
			inputFileListPaths = (
			);
			inputPaths = (
				"$(SRCROOT)/Carthage/Build/iOS/Quick.framework",
				"$(SRCROOT)/Carthage/Build/iOS/Nimble.framework",
			);
			outputFileListPaths = (
			);
			outputPaths = (
			);
			runOnlyForDeploymentPostprocessing = 0;
			shellPath = /bin/sh;
			shellScript = "/usr/local/bin/carthage copy-frameworks\n";
		};
		B94CD94B23EB3BEA00218DC4 /* ShellScript */ = {
			isa = PBXShellScriptBuildPhase;
			buildActionMask = 2147483647;
			files = (
			);
			inputFileListPaths = (
			);
			inputPaths = (
				"$(SRCROOT)/Carthage/Build/iOS/Kingfisher.framework",
				"$(SRCROOT)/Carthage/Build/iOS/Lottie.framework",
				"$(SRCROOT)/Carthage/Build/iOS/SkeletonView.framework",
			);
			outputFileListPaths = (
			);
			outputPaths = (
			);
			runOnlyForDeploymentPostprocessing = 0;
			shellPath = /bin/sh;
			shellScript = "/usr/local/bin/carthage copy-frameworks\n";
		};
/* End PBXShellScriptBuildPhase section */

/* Begin PBXSourcesBuildPhase section */
		B9324B3423E9998700D0089F /* Sources */ = {
			isa = PBXSourcesBuildPhase;
			buildActionMask = 2147483647;
			files = (
				B9324B8B23E9A0C100D0089F /* Article.swift in Sources */,
				B94CD95323EB45E100218DC4 /* NoPaddingLabel.swift in Sources */,
				B9324B7723E99A5E00D0089F /* DetailScreenViewController.swift in Sources */,
				B9324B6B23E99A2700D0089F /* HomeScreenInteractor.swift in Sources */,
				B9324B7823E99A5E00D0089F /* DetailScreenBuilder.swift in Sources */,
				B9324B7523E99A5E00D0089F /* DetailScreenPresenter.swift in Sources */,
				B9324B6A23E99A2700D0089F /* HomeScreenBuilder.swift in Sources */,
				B9324B7923E99A5E00D0089F /* DetailScreenInteractor.swift in Sources */,
				B94CD96023EBA04500218DC4 /* ArticleLoadingView.swift in Sources */,
				B94CD94823EB2C3A00218DC4 /* Constants.swift in Sources */,
				B9324B6723E99A2700D0089F /* HomeScreenPresenter.swift in Sources */,
				B94CD95D23EB591700218DC4 /* UIFont+extensions.swift in Sources */,
				B94CD94623EB284F00218DC4 /* ArticleCell.swift in Sources */,
				B9324B7623E99A5E00D0089F /* DetailScreenRouter.swift in Sources */,
				B9324B8623E99EFC00D0089F /* ArticleService.swift in Sources */,
				B9324B3F23E9998700D0089F /* AppDelegate.swift in Sources */,
				B9324B6823E99A2700D0089F /* HomeScreenRouter.swift in Sources */,
				B9324B6923E99A2700D0089F /* HomeScreenViewController.swift in Sources */,
				B9324B8823E99F4400D0089F /* HTTPService.swift in Sources */,
				B94CD95523EB50B800218DC4 /* LoadingView.swift in Sources */,
			);
			runOnlyForDeploymentPostprocessing = 0;
		};
		B9324B4D23E9998700D0089F /* Sources */ = {
			isa = PBXSourcesBuildPhase;
			buildActionMask = 2147483647;
			files = (
				4359812123F1CF22001F7349 /* HomeScreenViewControllerSpec.swift in Sources */,
				43CD261523F1F25C0095D566 /* HomeScreenPresenterSpec.swift in Sources */,
				4359812A23F1DD7F001F7349 /* MockHomeScreenPresenter.swift in Sources */,
				B9DE52B623F20BD5002F01E0 /* MockHomeScreenViewController.swift in Sources */,
				43CD261723F1F2D90095D566 /* MockHomeScreenInteractor.swift in Sources */,
				B9DE52B423F20B71002F01E0 /* MockHomeScreenRouter.swift in Sources */,
				4359812823F1DB4B001F7349 /* MockLoadingView.swift in Sources */,
				43CD261223F1E03D0095D566 /* MockTableView.swift in Sources */,
			);
			runOnlyForDeploymentPostprocessing = 0;
		};
/* End PBXSourcesBuildPhase section */

/* Begin PBXTargetDependency section */
		B9324B5323E9998700D0089F /* PBXTargetDependency */ = {
			isa = PBXTargetDependency;
			target = B9324B3723E9998700D0089F /* NYT */;
			targetProxy = B9324B5223E9998700D0089F /* PBXContainerItemProxy */;
		};
/* End PBXTargetDependency section */

/* Begin PBXVariantGroup section */
		B9324B4923E9998700D0089F /* LaunchScreen.storyboard */ = {
			isa = PBXVariantGroup;
			children = (
				B9324B4A23E9998700D0089F /* Base */,
			);
			name = LaunchScreen.storyboard;
			sourceTree = "<group>";
		};
/* End PBXVariantGroup section */

/* Begin XCBuildConfiguration section */
		B9324B5823E9998700D0089F /* Debug */ = {
			isa = XCBuildConfiguration;
			buildSettings = {
				ALWAYS_SEARCH_USER_PATHS = NO;
				CLANG_ANALYZER_NONNULL = YES;
				CLANG_ANALYZER_NUMBER_OBJECT_CONVERSION = YES_AGGRESSIVE;
				CLANG_CXX_LANGUAGE_STANDARD = "gnu++14";
				CLANG_CXX_LIBRARY = "libc++";
				CLANG_ENABLE_MODULES = YES;
				CLANG_ENABLE_OBJC_ARC = YES;
				CLANG_ENABLE_OBJC_WEAK = YES;
				CLANG_WARN_BLOCK_CAPTURE_AUTORELEASING = YES;
				CLANG_WARN_BOOL_CONVERSION = YES;
				CLANG_WARN_COMMA = YES;
				CLANG_WARN_CONSTANT_CONVERSION = YES;
				CLANG_WARN_DEPRECATED_OBJC_IMPLEMENTATIONS = YES;
				CLANG_WARN_DIRECT_OBJC_ISA_USAGE = YES_ERROR;
				CLANG_WARN_DOCUMENTATION_COMMENTS = YES;
				CLANG_WARN_EMPTY_BODY = YES;
				CLANG_WARN_ENUM_CONVERSION = YES;
				CLANG_WARN_INFINITE_RECURSION = YES;
				CLANG_WARN_INT_CONVERSION = YES;
				CLANG_WARN_NON_LITERAL_NULL_CONVERSION = YES;
				CLANG_WARN_OBJC_IMPLICIT_RETAIN_SELF = YES;
				CLANG_WARN_OBJC_LITERAL_CONVERSION = YES;
				CLANG_WARN_OBJC_ROOT_CLASS = YES_ERROR;
				CLANG_WARN_RANGE_LOOP_ANALYSIS = YES;
				CLANG_WARN_STRICT_PROTOTYPES = YES;
				CLANG_WARN_SUSPICIOUS_MOVE = YES;
				CLANG_WARN_UNGUARDED_AVAILABILITY = YES_AGGRESSIVE;
				CLANG_WARN_UNREACHABLE_CODE = YES;
				CLANG_WARN__DUPLICATE_METHOD_MATCH = YES;
				COPY_PHASE_STRIP = NO;
				DEBUG_INFORMATION_FORMAT = dwarf;
				ENABLE_STRICT_OBJC_MSGSEND = YES;
				ENABLE_TESTABILITY = YES;
				GCC_C_LANGUAGE_STANDARD = gnu11;
				GCC_DYNAMIC_NO_PIC = NO;
				GCC_NO_COMMON_BLOCKS = YES;
				GCC_OPTIMIZATION_LEVEL = 0;
				GCC_PREPROCESSOR_DEFINITIONS = (
					"DEBUG=1",
					"$(inherited)",
				);
				GCC_WARN_64_TO_32_BIT_CONVERSION = YES;
				GCC_WARN_ABOUT_RETURN_TYPE = YES_ERROR;
				GCC_WARN_UNDECLARED_SELECTOR = YES;
				GCC_WARN_UNINITIALIZED_AUTOS = YES_AGGRESSIVE;
				GCC_WARN_UNUSED_FUNCTION = YES;
				GCC_WARN_UNUSED_VARIABLE = YES;
				IPHONEOS_DEPLOYMENT_TARGET = 13.1;
				MTL_ENABLE_DEBUG_INFO = INCLUDE_SOURCE;
				MTL_FAST_MATH = YES;
				ONLY_ACTIVE_ARCH = YES;
				SDKROOT = iphoneos;
				SWIFT_ACTIVE_COMPILATION_CONDITIONS = DEBUG;
				SWIFT_OPTIMIZATION_LEVEL = "-Onone";
			};
			name = Debug;
		};
		B9324B5923E9998700D0089F /* Release */ = {
			isa = XCBuildConfiguration;
			buildSettings = {
				ALWAYS_SEARCH_USER_PATHS = NO;
				CLANG_ANALYZER_NONNULL = YES;
				CLANG_ANALYZER_NUMBER_OBJECT_CONVERSION = YES_AGGRESSIVE;
				CLANG_CXX_LANGUAGE_STANDARD = "gnu++14";
				CLANG_CXX_LIBRARY = "libc++";
				CLANG_ENABLE_MODULES = YES;
				CLANG_ENABLE_OBJC_ARC = YES;
				CLANG_ENABLE_OBJC_WEAK = YES;
				CLANG_WARN_BLOCK_CAPTURE_AUTORELEASING = YES;
				CLANG_WARN_BOOL_CONVERSION = YES;
				CLANG_WARN_COMMA = YES;
				CLANG_WARN_CONSTANT_CONVERSION = YES;
				CLANG_WARN_DEPRECATED_OBJC_IMPLEMENTATIONS = YES;
				CLANG_WARN_DIRECT_OBJC_ISA_USAGE = YES_ERROR;
				CLANG_WARN_DOCUMENTATION_COMMENTS = YES;
				CLANG_WARN_EMPTY_BODY = YES;
				CLANG_WARN_ENUM_CONVERSION = YES;
				CLANG_WARN_INFINITE_RECURSION = YES;
				CLANG_WARN_INT_CONVERSION = YES;
				CLANG_WARN_NON_LITERAL_NULL_CONVERSION = YES;
				CLANG_WARN_OBJC_IMPLICIT_RETAIN_SELF = YES;
				CLANG_WARN_OBJC_LITERAL_CONVERSION = YES;
				CLANG_WARN_OBJC_ROOT_CLASS = YES_ERROR;
				CLANG_WARN_RANGE_LOOP_ANALYSIS = YES;
				CLANG_WARN_STRICT_PROTOTYPES = YES;
				CLANG_WARN_SUSPICIOUS_MOVE = YES;
				CLANG_WARN_UNGUARDED_AVAILABILITY = YES_AGGRESSIVE;
				CLANG_WARN_UNREACHABLE_CODE = YES;
				CLANG_WARN__DUPLICATE_METHOD_MATCH = YES;
				COPY_PHASE_STRIP = NO;
				DEBUG_INFORMATION_FORMAT = "dwarf-with-dsym";
				ENABLE_NS_ASSERTIONS = NO;
				ENABLE_STRICT_OBJC_MSGSEND = YES;
				GCC_C_LANGUAGE_STANDARD = gnu11;
				GCC_NO_COMMON_BLOCKS = YES;
				GCC_WARN_64_TO_32_BIT_CONVERSION = YES;
				GCC_WARN_ABOUT_RETURN_TYPE = YES_ERROR;
				GCC_WARN_UNDECLARED_SELECTOR = YES;
				GCC_WARN_UNINITIALIZED_AUTOS = YES_AGGRESSIVE;
				GCC_WARN_UNUSED_FUNCTION = YES;
				GCC_WARN_UNUSED_VARIABLE = YES;
				IPHONEOS_DEPLOYMENT_TARGET = 13.1;
				MTL_ENABLE_DEBUG_INFO = NO;
				MTL_FAST_MATH = YES;
				SDKROOT = iphoneos;
				SWIFT_COMPILATION_MODE = wholemodule;
				SWIFT_OPTIMIZATION_LEVEL = "-O";
				VALIDATE_PRODUCT = YES;
			};
			name = Release;
		};
		B9324B5B23E9998700D0089F /* Debug */ = {
			isa = XCBuildConfiguration;
			buildSettings = {
				ASSETCATALOG_COMPILER_APPICON_NAME = AppIcon;
				CODE_SIGN_STYLE = Automatic;
				DEVELOPMENT_TEAM = DGYJ3R2C9F;
				FRAMEWORK_SEARCH_PATHS = (
					"$(inherited)",
					"$(PROJECT_DIR)/Carthage/Build/iOS",
				);
				INFOPLIST_FILE = NYT/Info.plist;
				LD_RUNPATH_SEARCH_PATHS = (
					"$(inherited)",
					"@executable_path/Frameworks",
				);
				PRODUCT_BUNDLE_IDENTIFIER = com.Panucci.NYT;
				PRODUCT_NAME = "$(TARGET_NAME)";
				SWIFT_VERSION = 5.0;
				TARGETED_DEVICE_FAMILY = "1,2";
			};
			name = Debug;
		};
		B9324B5C23E9998700D0089F /* Release */ = {
			isa = XCBuildConfiguration;
			buildSettings = {
				ASSETCATALOG_COMPILER_APPICON_NAME = AppIcon;
				CODE_SIGN_STYLE = Automatic;
				DEVELOPMENT_TEAM = DGYJ3R2C9F;
				FRAMEWORK_SEARCH_PATHS = (
					"$(inherited)",
					"$(PROJECT_DIR)/Carthage/Build/iOS",
				);
				INFOPLIST_FILE = NYT/Info.plist;
				LD_RUNPATH_SEARCH_PATHS = (
					"$(inherited)",
					"@executable_path/Frameworks",
				);
				PRODUCT_BUNDLE_IDENTIFIER = com.Panucci.NYT;
				PRODUCT_NAME = "$(TARGET_NAME)";
				SWIFT_VERSION = 5.0;
				TARGETED_DEVICE_FAMILY = "1,2";
			};
			name = Release;
		};
		B9324B5E23E9998700D0089F /* Debug */ = {
			isa = XCBuildConfiguration;
			buildSettings = {
				ALWAYS_EMBED_SWIFT_STANDARD_LIBRARIES = YES;
				BUNDLE_LOADER = "$(TEST_HOST)";
				CODE_SIGN_STYLE = Automatic;
				DEVELOPMENT_TEAM = DGYJ3R2C9F;
				FRAMEWORK_SEARCH_PATHS = (
					"$(inherited)",
					"$(PROJECT_DIR)/Carthage/Build/iOS",
				);
				INFOPLIST_FILE = NYTTests/Info.plist;
				IPHONEOS_DEPLOYMENT_TARGET = 13.1;
				LD_RUNPATH_SEARCH_PATHS = (
					"$(inherited)",
					"@executable_path/Frameworks",
					"@loader_path/Frameworks",
				);
				PRODUCT_BUNDLE_IDENTIFIER = com.Panucci.NYTTests;
				PRODUCT_NAME = "$(TARGET_NAME)";
				SWIFT_VERSION = 5.0;
				TARGETED_DEVICE_FAMILY = "1,2";
				TEST_HOST = "$(BUILT_PRODUCTS_DIR)/NYT.app/NYT";
			};
			name = Debug;
		};
		B9324B5F23E9998700D0089F /* Release */ = {
			isa = XCBuildConfiguration;
			buildSettings = {
				ALWAYS_EMBED_SWIFT_STANDARD_LIBRARIES = YES;
				BUNDLE_LOADER = "$(TEST_HOST)";
				CODE_SIGN_STYLE = Automatic;
				DEVELOPMENT_TEAM = DGYJ3R2C9F;
				FRAMEWORK_SEARCH_PATHS = (
					"$(inherited)",
					"$(PROJECT_DIR)/Carthage/Build/iOS",
				);
				INFOPLIST_FILE = NYTTests/Info.plist;
				IPHONEOS_DEPLOYMENT_TARGET = 13.1;
				LD_RUNPATH_SEARCH_PATHS = (
					"$(inherited)",
					"@executable_path/Frameworks",
					"@loader_path/Frameworks",
				);
				PRODUCT_BUNDLE_IDENTIFIER = com.Panucci.NYTTests;
				PRODUCT_NAME = "$(TARGET_NAME)";
				SWIFT_VERSION = 5.0;
				TARGETED_DEVICE_FAMILY = "1,2";
				TEST_HOST = "$(BUILT_PRODUCTS_DIR)/NYT.app/NYT";
			};
			name = Release;
		};
/* End XCBuildConfiguration section */

/* Begin XCConfigurationList section */
		B9324B3323E9998700D0089F /* Build configuration list for PBXProject "NYT" */ = {
			isa = XCConfigurationList;
			buildConfigurations = (
				B9324B5823E9998700D0089F /* Debug */,
				B9324B5923E9998700D0089F /* Release */,
			);
			defaultConfigurationIsVisible = 0;
			defaultConfigurationName = Release;
		};
		B9324B5A23E9998700D0089F /* Build configuration list for PBXNativeTarget "NYT" */ = {
			isa = XCConfigurationList;
			buildConfigurations = (
				B9324B5B23E9998700D0089F /* Debug */,
				B9324B5C23E9998700D0089F /* Release */,
			);
			defaultConfigurationIsVisible = 0;
			defaultConfigurationName = Release;
		};
		B9324B5D23E9998700D0089F /* Build configuration list for PBXNativeTarget "NYTTests" */ = {
			isa = XCConfigurationList;
			buildConfigurations = (
				B9324B5E23E9998700D0089F /* Debug */,
				B9324B5F23E9998700D0089F /* Release */,
			);
			defaultConfigurationIsVisible = 0;
			defaultConfigurationName = Release;
		};
/* End XCConfigurationList section */
	};
	rootObject = B9324B3023E9998700D0089F /* Project object */;
}
